{
    "version": 3,
    "terraform_version": "0.11.8",
    "serial": 18,
    "lineage": "b9a5dbf4-e3cb-31c3-7dd4-8cf956ae13f8",
    "modules": [
        {
            "path": [
                "root"
            ],
            "outputs": {
                "Public ip": {
                    "sensitive": false,
                    "type": "list",
                    "value": [
                        "165.227.134.92",
                        "134.209.251.114",
                        "134.209.251.113"
                    ]
                }
            },
            "resources": {
                "digitalocean_droplet.replicaset.0": {
                    "type": "digitalocean_droplet",
                    "depends_on": [],
                    "primary": {
                        "id": "149355546",
                        "attributes": {
                            "backups": "false",
                            "disk": "60",
                            "id": "149355546",
                            "image": "ubuntu-18-04-x64",
                            "ipv4_address": "165.227.134.92",
                            "ipv4_address_private": "10.135.124.210",
                            "ipv6": "false",
                            "ipv6_address": "",
                            "ipv6_address_private": "",
                            "locked": "false",
                            "memory": "2048",
                            "monitoring": "false",
                            "name": "rs0",
                            "price_hourly": "0.02232",
                            "price_monthly": "15",
                            "private_networking": "true",
                            "region": "fra1",
                            "resize_disk": "true",
                            "size": "s-2vcpu-2gb",
                            "ssh_keys.#": "1",
                            "ssh_keys.2577901677": "22606725",
                            "status": "active",
                            "tags.#": "0",
                            "urn": "do:droplet:149355546",
                            "vcpus": "2",
                            "volume_ids.#": "0"
                        },
                        "meta": {
                            "schema_version": "1"
                        },
                        "tainted": false
                    },
                    "deposed": [],
                    "provider": "provider.digitalocean"
                },
                "digitalocean_droplet.replicaset.1": {
                    "type": "digitalocean_droplet",
                    "depends_on": [],
                    "primary": {
                        "id": "149355545",
                        "attributes": {
                            "backups": "false",
                            "disk": "60",
                            "id": "149355545",
                            "image": "ubuntu-18-04-x64",
                            "ipv4_address": "134.209.251.114",
                            "ipv4_address_private": "10.135.124.226",
                            "ipv6": "false",
                            "ipv6_address": "",
                            "ipv6_address_private": "",
                            "locked": "false",
                            "memory": "2048",
                            "monitoring": "false",
                            "name": "rs1",
                            "price_hourly": "0.02232",
                            "price_monthly": "15",
                            "private_networking": "true",
                            "region": "fra1",
                            "resize_disk": "true",
                            "size": "s-2vcpu-2gb",
                            "ssh_keys.#": "1",
                            "ssh_keys.2577901677": "22606725",
                            "status": "active",
                            "tags.#": "0",
                            "urn": "do:droplet:149355545",
                            "vcpus": "2",
                            "volume_ids.#": "0"
                        },
                        "meta": {
                            "schema_version": "1"
                        },
                        "tainted": false
                    },
                    "deposed": [],
                    "provider": "provider.digitalocean"
                },
                "digitalocean_droplet.replicaset.2": {
                    "type": "digitalocean_droplet",
                    "depends_on": [],
                    "primary": {
                        "id": "149355544",
                        "attributes": {
                            "backups": "false",
                            "disk": "60",
                            "id": "149355544",
                            "image": "ubuntu-18-04-x64",
                            "ipv4_address": "134.209.251.113",
                            "ipv4_address_private": "10.135.124.206",
                            "ipv6": "false",
                            "ipv6_address": "",
                            "ipv6_address_private": "",
                            "locked": "false",
                            "memory": "2048",
                            "monitoring": "false",
                            "name": "rs2",
                            "price_hourly": "0.02232",
                            "price_monthly": "15",
                            "private_networking": "true",
                            "region": "fra1",
                            "resize_disk": "true",
                            "size": "s-2vcpu-2gb",
                            "ssh_keys.#": "1",
                            "ssh_keys.2577901677": "22606725",
                            "status": "active",
                            "tags.#": "0",
                            "urn": "do:droplet:149355544",
                            "vcpus": "2",
                            "volume_ids.#": "0"
                        },
                        "meta": {
                            "schema_version": "1"
                        },
                        "tainted": false
                    },
                    "deposed": [],
                    "provider": "provider.digitalocean"
                }
            },
            "depends_on": []
        }
    ]
}
